
Microsoft Visual Studio Solution File, Format Version 12.00
# Visual Studio Version 17
VisualStudioVersion = 17.9.34616.47
MinimumVisualStudioVersion = 10.0.40219.1
Project("{8BC9CEB8-8B4A-11D0-8D11-00A0C91BC942}") = "BadBlocksSearcher", "BadBlocksSearcher\BadBlocksSearcher.vcxproj", "{75A089B3-A79E-44CE-8C30-CA0F8B842D32}"
EndProject
Global
	GlobalSection(SolutionConfigurationPlatforms) = preSolution
		Debug|x64 = Debug|x64
		Debug|x86 = Debug|x86
		Release|x64 = Release|x64
		Release|x86 = Release|x86
	EndGlobalSection
	GlobalSection(ProjectConfigurationPlatforms) = postSolution
		{75A089B3-A79E-44CE-8C30-CA0F8B842D32}.Debug|x64.ActiveCfg = Debug|x64
		{75A089B3-A79E-44CE-8C30-CA0F8B842D32}.Debug|x64.Build.0 = Debug|x64
		{75A089B3-A79E-44CE-8C30-CA0F8B842D32}.Debug|x86.ActiveCfg = Debug|Win32
		{75A089B3-A79E-44CE-8C30-CA0F8B842D32}.Debug|x86.Build.0 = Debug|Win32
		{75A089B3-A79E-44CE-8C30-CA0F8B842D32}.Release|x64.ActiveCfg = Release|x64
		{75A089B3-A79E-44CE-8C30-CA0F8B842D32}.Release|x64.Build.0 = Release|x64
		{75A089B3-A79E-44CE-8C30-CA0F8B842D32}.Release|x86.ActiveCfg = Release|Win32
		{75A089B3-A79E-44CE-8C30-CA0F8B842D32}.Release|x86.Build.0 = Release|Win32
	EndGlobalSection
	GlobalSection(SolutionProperties) = preSolution
		HideSolutionNode = FALSE
	EndGlobalSection
	GlobalSection(ExtensibilityGlobals) = postSolution
		SolutionGuid = {615B1661-9035-4B45-9823-083B33C38389}
	EndGlobalSection
EndGlobal
